
Microsoft Visual Studio Solution File, Format Version 12.00
# Visual Studio 15
VisualStudioVersion = 15.0.26730.16
MinimumVisualStudioVersion = 10.0.40219.1
Project("{9A19103F-16F7-4668-BE54-9A1E7A4F7556}") = "Joveler.ZLib", "Joveler.ZLib\Joveler.ZLib.csproj", "{59474C6A-0391-4562-A3B6-D5E7712BB2DE}"
EndProject
Project("{FAE04EC0-301F-11D3-BF4B-00C04F79EFBC}") = "Joveler.ZLib.Tests", "Joveler.ZLib.Tests\Joveler.ZLib.Tests.csproj", "{574E2B69-33F1-4182-AE0D-E507531983F9}"
EndProject
Global
	GlobalSection(SolutionConfigurationPlatforms) = preSolution
		Debug|Any CPU = Debug|Any CPU
		Release|Any CPU = Release|Any CPU
	EndGlobalSection
	GlobalSection(ProjectConfigurationPlatforms) = postSolution
		{59474C6A-0391-4562-A3B6-D5E7712BB2DE}.Debug|Any CPU.ActiveCfg = Debug|Any CPU
		{59474C6A-0391-4562-A3B6-D5E7712BB2DE}.Debug|Any CPU.Build.0 = Debug|Any CPU
		{59474C6A-0391-4562-A3B6-D5E7712BB2DE}.Release|Any CPU.ActiveCfg = Release|Any CPU
		{59474C6A-0391-4562-A3B6-D5E7712BB2DE}.Release|Any CPU.Build.0 = Release|Any CPU
		{574E2B69-33F1-4182-AE0D-E507531983F9}.Debug|Any CPU.ActiveCfg = Debug|Any CPU
		{574E2B69-33F1-4182-AE0D-E507531983F9}.Debug|Any CPU.Build.0 = Debug|Any CPU
		{574E2B69-33F1-4182-AE0D-E507531983F9}.Release|Any CPU.ActiveCfg = Release|Any CPU
		{574E2B69-33F1-4182-AE0D-E507531983F9}.Release|Any CPU.Build.0 = Release|Any CPU
	EndGlobalSection
	GlobalSection(SolutionProperties) = preSolution
		HideSolutionNode = FALSE
	EndGlobalSection
	GlobalSection(ExtensibilityGlobals) = postSolution
		SolutionGuid = {7C2FABE6-BFE6-47AD-A55E-9650A08F9F01}
	EndGlobalSection
EndGlobal
