
Microsoft Visual Studio Solution File, Format Version 12.00
# Visual Studio 15
VisualStudioVersion = 15.0.26730.16
MinimumVisualStudioVersion = 10.0.40219.1
Project("{FAE04EC0-301F-11D3-BF4B-00C04F79EFBC}") = "ZLibWrapper", "ZLibWrapper\ZLibWrapper.csproj", "{59474C6A-0391-4562-A3B6-D5E7712BB2DE}"
EndProject
Project("{FAE04EC0-301F-11D3-BF4B-00C04F79EFBC}") = "ZLibWrapper.Tests", "ZLibWrapper.Tests\ZLibWrapper.Tests.csproj", "{EF8C6C1C-BFA6-4905-BA90-936431C1B22D}"
EndProject
Global
	GlobalSection(SolutionConfigurationPlatforms) = preSolution
		Debug_NET40|Any CPU = Debug_NET40|Any CPU
		Debug_NET45|Any CPU = Debug_NET45|Any CPU
		Release_NET40|Any CPU = Release_NET40|Any CPU
		Release_NET45|Any CPU = Release_NET45|Any CPU
	EndGlobalSection
	GlobalSection(ProjectConfigurationPlatforms) = postSolution
		{59474C6A-0391-4562-A3B6-D5E7712BB2DE}.Debug_NET40|Any CPU.ActiveCfg = Debug_NET40|Any CPU
		{59474C6A-0391-4562-A3B6-D5E7712BB2DE}.Debug_NET40|Any CPU.Build.0 = Debug_NET40|Any CPU
		{59474C6A-0391-4562-A3B6-D5E7712BB2DE}.Debug_NET45|Any CPU.ActiveCfg = Debug_NET45|Any CPU
		{59474C6A-0391-4562-A3B6-D5E7712BB2DE}.Debug_NET45|Any CPU.Build.0 = Debug_NET45|Any CPU
		{59474C6A-0391-4562-A3B6-D5E7712BB2DE}.Release_NET40|Any CPU.ActiveCfg = Release_NET40|Any CPU
		{59474C6A-0391-4562-A3B6-D5E7712BB2DE}.Release_NET40|Any CPU.Build.0 = Release_NET40|Any CPU
		{59474C6A-0391-4562-A3B6-D5E7712BB2DE}.Release_NET45|Any CPU.ActiveCfg = Release_NET45|Any CPU
		{59474C6A-0391-4562-A3B6-D5E7712BB2DE}.Release_NET45|Any CPU.Build.0 = Release_NET45|Any CPU
		{EF8C6C1C-BFA6-4905-BA90-936431C1B22D}.Debug_NET40|Any CPU.ActiveCfg = Debug_NET45|Any CPU
		{EF8C6C1C-BFA6-4905-BA90-936431C1B22D}.Debug_NET40|Any CPU.Build.0 = Debug_NET45|Any CPU
		{EF8C6C1C-BFA6-4905-BA90-936431C1B22D}.Debug_NET45|Any CPU.ActiveCfg = Debug_NET45|Any CPU
		{EF8C6C1C-BFA6-4905-BA90-936431C1B22D}.Debug_NET45|Any CPU.Build.0 = Debug_NET45|Any CPU
		{EF8C6C1C-BFA6-4905-BA90-936431C1B22D}.Release_NET40|Any CPU.ActiveCfg = Release_NET45|Any CPU
		{EF8C6C1C-BFA6-4905-BA90-936431C1B22D}.Release_NET40|Any CPU.Build.0 = Release_NET45|Any CPU
		{EF8C6C1C-BFA6-4905-BA90-936431C1B22D}.Release_NET45|Any CPU.ActiveCfg = Release_NET45|Any CPU
		{EF8C6C1C-BFA6-4905-BA90-936431C1B22D}.Release_NET45|Any CPU.Build.0 = Release_NET45|Any CPU
	EndGlobalSection
	GlobalSection(SolutionProperties) = preSolution
		HideSolutionNode = FALSE
	EndGlobalSection
	GlobalSection(ExtensibilityGlobals) = postSolution
		SolutionGuid = {7C2FABE6-BFE6-47AD-A55E-9650A08F9F01}
	EndGlobalSection
EndGlobal
